
Microsoft Visual Studio Solution File, Format Version 12.00
# Visual Studio Version 17
VisualStudioVersion = 17.5.33502.453
MinimumVisualStudioVersion = 10.0.40219.1
Project("{FAE04EC0-301F-11D3-BF4B-00C04F79EFBC}") = "CustomConstraint", "CustomConstraint\CustomConstraint.csproj", "{2C06A187-00A8-41E5-B84C-03A54B9122EA}"
EndProject
Global
	GlobalSection(SolutionConfigurationPlatforms) = preSolution
		Debug|Any CPU = Debug|Any CPU
		Release|Any CPU = Release|Any CPU
	EndGlobalSection
	GlobalSection(ProjectConfigurationPlatforms) = postSolution
		{2C06A187-00A8-41E5-B84C-03A54B9122EA}.Debug|Any CPU.ActiveCfg = Debug|Any CPU
		{2C06A187-00A8-41E5-B84C-03A54B9122EA}.Debug|Any CPU.Build.0 = Debug|Any CPU
		{2C06A187-00A8-41E5-B84C-03A54B9122EA}.Release|Any CPU.ActiveCfg = Release|Any CPU
		{2C06A187-00A8-41E5-B84C-03A54B9122EA}.Release|Any CPU.Build.0 = Release|Any CPU
	EndGlobalSection
	GlobalSection(SolutionProperties) = preSolution
		HideSolutionNode = FALSE
	EndGlobalSection
	GlobalSection(ExtensibilityGlobals) = postSolution
		SolutionGuid = {D18F5656-6D0F-4D26-9DEC-B922685FB798}
	EndGlobalSection
EndGlobal
